{
  "name": "six-crowns-kingmaker-card-game",
  "version": "0.7.14",
  "lockfileVersion": 3,
  "requires": true,
  "packages": {
    "": {
      "name": "six-crowns-kingmaker-card-game",
      "version": "0.7.14",
      "license": "MIT",
      "engines": {
        "node": ">=20"
      }
    }
  }
}
